
Microsoft Visual Studio Solution File, Format Version 12.00
# Visual Studio Version 17
VisualStudioVersion = 17.4.33122.133
MinimumVisualStudioVersion = 10.0.40219.1
Project("{FAE04EC0-301F-11D3-BF4B-00C04F79EFBC}") = "Task1", "Task1.csproj", "{C651BB5C-3C75-427D-89E2-023E4849AC3C}"
EndProject
Global
	GlobalSection(SolutionConfigurationPlatforms) = preSolution
		Debug|Any CPU = Debug|Any CPU
		Release|Any CPU = Release|Any CPU
	EndGlobalSection
	GlobalSection(ProjectConfigurationPlatforms) = postSolution
		{C651BB5C-3C75-427D-89E2-023E4849AC3C}.Debug|Any CPU.ActiveCfg = Debug|Any CPU
		{C651BB5C-3C75-427D-89E2-023E4849AC3C}.Debug|Any CPU.Build.0 = Debug|Any CPU
		{C651BB5C-3C75-427D-89E2-023E4849AC3C}.Release|Any CPU.ActiveCfg = Release|Any CPU
		{C651BB5C-3C75-427D-89E2-023E4849AC3C}.Release|Any CPU.Build.0 = Release|Any CPU
	EndGlobalSection
	GlobalSection(SolutionProperties) = preSolution
		HideSolutionNode = FALSE
	EndGlobalSection
	GlobalSection(ExtensibilityGlobals) = postSolution
		SolutionGuid = {6FE0895F-2EA9-4DBA-9066-54F33D0C8301}
	EndGlobalSection
EndGlobal
